{
  "name": "forge",
  "version": "1.0.0",
  "lockfileVersion": 3,
  "requires": true,
  "packages": {
    "": {
      "name": "forge",
      "version": "1.0.0",
      "dependencies": {
        "@fastify/aws-lambda": "^6.4.1"
      }
    },
    "node_modules/@fastify/aws-lambda": {
      "version": "6.4.1",
      "resolved": "https://registry.npmjs.org/@fastify/aws-lambda/-/aws-lambda-6.4.1.tgz",
      "integrity": "sha512-eTCkZJ8b4NAyafxChyM1VSVMUK1KnlyXj7NBfrQm8dRcXj42X8je5poyaZDZ9T5XTyykl3oLMiI4IvZJWXzLsw==",
      "license": "MIT"
    }
  }
}
