{
  "name": "forge",
  "version": "1.0.0",
  "lockfileVersion": 3,
  "requires": true,
  "packages": {
    "": {
      "name": "forge",
      "version": "1.0.0",
      "dependencies": {
        "@fastify/aws-lambda": "^5.1.4"
      }
    },
    "node_modules/@fastify/aws-lambda": {
      "version": "5.1.4",
      "resolved": "https://registry.npmjs.org/@fastify/aws-lambda/-/aws-lambda-5.1.4.tgz",
      "integrity": "sha512-ExyaFMcEJXyUnYktzs5ww/5iDI8LcXMiIMnYZW6aavSIu+W0d08bJhvw8ShHL9wsRrRvfH+BOLdUEVB8oQ4Rew==",
      "license": "MIT"
    }
  }
}
